// !$*UTF8*$!
{
	archiveVersion = 1;
	classes = {
	};
	objectVersion = 50;
	objects = {

/* Begin PBXBuildFile section */
		59096AEE21BECA7A006B4335 /* Default-568h@2x.png in Resources */ = {isa = PBXBuildFile; fileRef = 59096AED21BECA7A006B4335 /* Default-568h@2x.png */; };
		59301B6C21A1E7AA00F5150E /* AppDelegate.swift in Sources */ = {isa = PBXBuildFile; fileRef = 59301B6B21A1E7AA00F5150E /* AppDelegate.swift */; };
		59301B6E21A1E7AA00F5150E /* ViewController.swift in Sources */ = {isa = PBXBuildFile; fileRef = 59301B6D21A1E7AA00F5150E /* ViewController.swift */; };
		59301B7121A1E7AA00F5150E /* Main.storyboard in Resources */ = {isa = PBXBuildFile; fileRef = 59301B6F21A1E7AA00F5150E /* Main.storyboard */; };
		59301B7321A1E7AB00F5150E /* Assets.xcassets in Resources */ = {isa = PBXBuildFile; fileRef = 59301B7221A1E7AB00F5150E /* Assets.xcassets */; };
		59301B7621A1E7AB00F5150E /* LaunchScreen.storyboard in Resources */ = {isa = PBXBuildFile; fileRef = 59301B7421A1E7AB00F5150E /* LaunchScreen.storyboard */; };
/* End PBXBuildFile section */

/* Begin PBXFileReference section */
		59096AED21BECA7A006B4335 /* Default-568h@2x.png */ = {isa = PBXFileReference; lastKnownFileType = image.png; path = "Default-568h@2x.png"; sourceTree = "<group>"; };
		59301B6821A1E7AA00F5150E /* testSlidingMenu.app */ = {isa = PBXFileReference; explicitFileType = wrapper.application; includeInIndex = 0; path = testSlidingMenu.app; sourceTree = BUILT_PRODUCTS_DIR; };
		59301B6B21A1E7AA00F5150E /* AppDelegate.swift */ = {isa = PBXFileReference; lastKnownFileType = sourcecode.swift; path = AppDelegate.swift; sourceTree = "<group>"; };
		59301B6D21A1E7AA00F5150E /* ViewController.swift */ = {isa = PBXFileReference; lastKnownFileType = sourcecode.swift; path = ViewController.swift; sourceTree = "<group>"; };
		59301B7021A1E7AA00F5150E /* Base */ = {isa = PBXFileReference; lastKnownFileType = file.storyboard; name = Base; path = Base.lproj/Main.storyboard; sourceTree = "<group>"; };
		59301B7221A1E7AB00F5150E /* Assets.xcassets */ = {isa = PBXFileReference; lastKnownFileType = folder.assetcatalog; path = Assets.xcassets; sourceTree = "<group>"; };
		59301B7521A1E7AB00F5150E /* Base */ = {isa = PBXFileReference; lastKnownFileType = file.storyboard; name = Base; path = Base.lproj/LaunchScreen.storyboard; sourceTree = "<group>"; };
		59301B7721A1E7AB00F5150E /* Info.plist */ = {isa = PBXFileReference; lastKnownFileType = text.plist.xml; path = Info.plist; sourceTree = "<group>"; };
/* End PBXFileReference section */

/* Begin PBXFrameworksBuildPhase section */
		59301B6521A1E7A900F5150E /* Frameworks */ = {
			isa = PBXFrameworksBuildPhase;
			buildActionMask = 2147483647;
			files = (
			);
			runOnlyForDeploymentPostprocessing = 0;
		};
/* End PBXFrameworksBuildPhase section */

/* Begin PBXGroup section */
		59301B5F21A1E7A900F5150E = {
			isa = PBXGroup;
			children = (
				59096AED21BECA7A006B4335 /* Default-568h@2x.png */,
				59301B6A21A1E7AA00F5150E /* testSlidingMenu */,
				59301B6921A1E7AA00F5150E /* Products */,
			);
			sourceTree = "<group>";
		};
		59301B6921A1E7AA00F5150E /* Products */ = {
			isa = PBXGroup;
			children = (
				59301B6821A1E7AA00F5150E /* testSlidingMenu.app */,
			);
			name = Products;
			sourceTree = "<group>";
		};
		59301B6A21A1E7AA00F5150E /* testSlidingMenu */ = {
			isa = PBXGroup;
			children = (
				59301B6B21A1E7AA00F5150E /* AppDelegate.swift */,
				59301B6D21A1E7AA00F5150E /* ViewController.swift */,
				59301B6F21A1E7AA00F5150E /* Main.storyboard */,
				59301B7221A1E7AB00F5150E /* Assets.xcassets */,
				59301B7421A1E7AB00F5150E /* LaunchScreen.storyboard */,
				59301B7721A1E7AB00F5150E /* Info.plist */,
			);
			path = testSlidingMenu;
			sourceTree = "<group>";
		};
/* End PBXGroup section */

/* Begin PBXNativeTarget section */
		59301B6721A1E7A900F5150E /* testSlidingMenu */ = {
			isa = PBXNativeTarget;
			buildConfigurationList = 59301B7A21A1E7AB00F5150E /* Build configuration list for PBXNativeTarget "testSlidingMenu" */;
			buildPhases = (
				59301B6421A1E7A900F5150E /* Sources */,
				59301B6521A1E7A900F5150E /* Frameworks */,
				59301B6621A1E7A900F5150E /* Resources */,
			);
			buildRules = (
			);
			dependencies = (
			);
			name = testSlidingMenu;
			productName = testMultipleViews;
			productReference = 59301B6821A1E7AA00F5150E /* testSlidingMenu.app */;
			productType = "com.apple.product-type.application";
		};
/* End PBXNativeTarget section */

/* Begin PBXProject section */
		59301B6021A1E7A900F5150E /* Project object */ = {
			isa = PBXProject;
			attributes = {
				LastSwiftUpdateCheck = 1010;
				LastUpgradeCheck = 1010;
				ORGANIZATIONNAME = Kaww;
				TargetAttributes = {
					59301B6721A1E7A900F5150E = {
						CreatedOnToolsVersion = 10.1;
					};
				};
			};
			buildConfigurationList = 59301B6321A1E7A900F5150E /* Build configuration list for PBXProject "testSlidingMenu" */;
			compatibilityVersion = "Xcode 9.3";
			developmentRegion = en;
			hasScannedForEncodings = 0;
			knownRegions = (
				en,
				Base,
			);
			mainGroup = 59301B5F21A1E7A900F5150E;
			productRefGroup = 59301B6921A1E7AA00F5150E /* Products */;
			projectDirPath = "";
			projectRoot = "";
			targets = (
				59301B6721A1E7A900F5150E /* testSlidingMenu */,
			);
		};
/* End PBXProject section */

/* Begin PBXResourcesBuildPhase section */
		59301B6621A1E7A900F5150E /* Resources */ = {
			isa = PBXResourcesBuildPhase;
			buildActionMask = 2147483647;
			files = (
				59301B7621A1E7AB00F5150E /* LaunchScreen.storyboard in Resources */,
				59096AEE21BECA7A006B4335 /* Default-568h@2x.png in Resources */,
				59301B7321A1E7AB00F5150E /* Assets.xcassets in Resources */,
				59301B7121A1E7AA00F5150E /* Main.storyboard in Resources */,
			);
			runOnlyForDeploymentPostprocessing = 0;
		};
/* End PBXResourcesBuildPhase section */

/* Begin PBXSourcesBuildPhase section */
		59301B6421A1E7A900F5150E /* Sources */ = {
			isa = PBXSourcesBuildPhase;
			buildActionMask = 2147483647;
			files = (
				59301B6E21A1E7AA00F5150E /* ViewController.swift in Sources */,
				59301B6C21A1E7AA00F5150E /* AppDelegate.swift in Sources */,
			);
			runOnlyForDeploymentPostprocessing = 0;
		};
/* End PBXSourcesBuildPhase section */

/* Begin PBXVariantGroup section */
		59301B6F21A1E7AA00F5150E /* Main.storyboard */ = {
			isa = PBXVariantGroup;
			children = (
				59301B7021A1E7AA00F5150E /* Base */,
			);
			name = Main.storyboard;
			sourceTree = "<group>";
		};
		59301B7421A1E7AB00F5150E /* LaunchScreen.storyboard */ = {
			isa = PBXVariantGroup;
			children = (
				59301B7521A1E7AB00F5150E /* Base */,
			);
			name = LaunchScreen.storyboard;
			sourceTree = "<group>";
		};
/* End PBXVariantGroup section */

/* Begin XCBuildConfiguration section */
		59301B7821A1E7AB00F5150E /* Debug */ = {
			isa = XCBuildConfiguration;
			buildSettings = {
				ALWAYS_SEARCH_USER_PATHS = NO;
				CLANG_ANALYZER_NONNULL = YES;
				CLANG_ANALYZER_NUMBER_OBJECT_CONVERSION = YES_AGGRESSIVE;
				CLANG_CXX_LANGUAGE_STANDARD = "gnu++14";
				CLANG_CXX_LIBRARY = "libc++";
				CLANG_ENABLE_MODULES = YES;
				CLANG_ENABLE_OBJC_ARC = YES;
				CLANG_ENABLE_OBJC_WEAK = YES;
				CLANG_WARN_BLOCK_CAPTURE_AUTORELEASING = YES;
				CLANG_WARN_BOOL_CONVERSION = YES;
				CLANG_WARN_COMMA = YES;
				CLANG_WARN_CONSTANT_CONVERSION = YES;
				CLANG_WARN_DEPRECATED_OBJC_IMPLEMENTATIONS = YES;
				CLANG_WARN_DIRECT_OBJC_ISA_USAGE = YES_ERROR;
				CLANG_WARN_DOCUMENTATION_COMMENTS = YES;
				CLANG_WARN_EMPTY_BODY = YES;
				CLANG_WARN_ENUM_CONVERSION = YES;
				CLANG_WARN_INFINITE_RECURSION = YES;
				CLANG_WARN_INT_CONVERSION = YES;
				CLANG_WARN_NON_LITERAL_NULL_CONVERSION = YES;
				CLANG_WARN_OBJC_IMPLICIT_RETAIN_SELF = YES;
				CLANG_WARN_OBJC_LITERAL_CONVERSION = YES;
				CLANG_WARN_OBJC_ROOT_CLASS = YES_ERROR;
				CLANG_WARN_RANGE_LOOP_ANALYSIS = YES;
				CLANG_WARN_STRICT_PROTOTYPES = YES;
				CLANG_WARN_SUSPICIOUS_MOVE = YES;
				CLANG_WARN_UNGUARDED_AVAILABILITY = YES_AGGRESSIVE;
				CLANG_WARN_UNREACHABLE_CODE = YES;
				CLANG_WARN__DUPLICATE_METHOD_MATCH = YES;
				CODE_SIGN_IDENTITY = "iPhone Developer";
				COPY_PHASE_STRIP = NO;
				DEBUG_INFORMATION_FORMAT = dwarf;
				ENABLE_STRICT_OBJC_MSGSEND = YES;
				ENABLE_TESTABILITY = YES;
				GCC_C_LANGUAGE_STANDARD = gnu11;
				GCC_DYNAMIC_NO_PIC = NO;
				GCC_NO_COMMON_BLOCKS = YES;
				GCC_OPTIMIZATION_LEVEL = 0;
				GCC_PREPROCESSOR_DEFINITIONS = (
					"DEBUG=1",
					"$(inherited)",
				);
				GCC_WARN_64_TO_32_BIT_CONVERSION = YES;
				GCC_WARN_ABOUT_RETURN_TYPE = YES_ERROR;
				GCC_WARN_UNDECLARED_SELECTOR = YES;
				GCC_WARN_UNINITIALIZED_AUTOS = YES_AGGRESSIVE;
				GCC_WARN_UNUSED_FUNCTION = YES;
				GCC_WARN_UNUSED_VARIABLE = YES;
				IPHONEOS_DEPLOYMENT_TARGET = 12.1;
				MTL_ENABLE_DEBUG_INFO = INCLUDE_SOURCE;
				MTL_FAST_MATH = YES;
				ONLY_ACTIVE_ARCH = YES;
				SDKROOT = iphoneos;
				SWIFT_ACTIVE_COMPILATION_CONDITIONS = DEBUG;
				SWIFT_OPTIMIZATION_LEVEL = "-Onone";
			};
			name = Debug;
		};
		59301B7921A1E7AB00F5150E /* Release */ = {
			isa = XCBuildConfiguration;
			buildSettings = {
				ALWAYS_SEARCH_USER_PATHS = NO;
				CLANG_ANALYZER_NONNULL = YES;
				CLANG_ANALYZER_NUMBER_OBJECT_CONVERSION = YES_AGGRESSIVE;
				CLANG_CXX_LANGUAGE_STANDARD = "gnu++14";
				CLANG_CXX_LIBRARY = "libc++";
				CLANG_ENABLE_MODULES = YES;
				CLANG_ENABLE_OBJC_ARC = YES;
				CLANG_ENABLE_OBJC_WEAK = YES;
				CLANG_WARN_BLOCK_CAPTURE_AUTORELEASING = YES;
				CLANG_WARN_BOOL_CONVERSION = YES;
				CLANG_WARN_COMMA = YES;
				CLANG_WARN_CONSTANT_CONVERSION = YES;
				CLANG_WARN_DEPRECATED_OBJC_IMPLEMENTATIONS = YES;
				CLANG_WARN_DIRECT_OBJC_ISA_USAGE = YES_ERROR;
				CLANG_WARN_DOCUMENTATION_COMMENTS = YES;
				CLANG_WARN_EMPTY_BODY = YES;
				CLANG_WARN_ENUM_CONVERSION = YES;
				CLANG_WARN_INFINITE_RECURSION = YES;
				CLANG_WARN_INT_CONVERSION = YES;
				CLANG_WARN_NON_LITERAL_NULL_CONVERSION = YES;
				CLANG_WARN_OBJC_IMPLICIT_RETAIN_SELF = YES;
				CLANG_WARN_OBJC_LITERAL_CONVERSION = YES;
				CLANG_WARN_OBJC_ROOT_CLASS = YES_ERROR;
				CLANG_WARN_RANGE_LOOP_ANALYSIS = YES;
				CLANG_WARN_STRICT_PROTOTYPES = YES;
				CLANG_WARN_SUSPICIOUS_MOVE = YES;
				CLANG_WARN_UNGUARDED_AVAILABILITY = YES_AGGRESSIVE;
				CLANG_WARN_UNREACHABLE_CODE = YES;
				CLANG_WARN__DUPLICATE_METHOD_MATCH = YES;
				CODE_SIGN_IDENTITY = "iPhone Developer";
				COPY_PHASE_STRIP = NO;
				DEBUG_INFORMATION_FORMAT = "dwarf-with-dsym";
				ENABLE_NS_ASSERTIONS = NO;
				ENABLE_STRICT_OBJC_MSGSEND = YES;
				GCC_C_LANGUAGE_STANDARD = gnu11;
				GCC_NO_COMMON_BLOCKS = YES;
				GCC_WARN_64_TO_32_BIT_CONVERSION = YES;
				GCC_WARN_ABOUT_RETURN_TYPE = YES_ERROR;
				GCC_WARN_UNDECLARED_SELECTOR = YES;
				GCC_WARN_UNINITIALIZED_AUTOS = YES_AGGRESSIVE;
				GCC_WARN_UNUSED_FUNCTION = YES;
				GCC_WARN_UNUSED_VARIABLE = YES;
				IPHONEOS_DEPLOYMENT_TARGET = 12.1;
				MTL_ENABLE_DEBUG_INFO = NO;
				MTL_FAST_MATH = YES;
				SDKROOT = iphoneos;
				SWIFT_COMPILATION_MODE = wholemodule;
				SWIFT_OPTIMIZATION_LEVEL = "-O";
				VALIDATE_PRODUCT = YES;
			};
			name = Release;
		};
		59301B7B21A1E7AB00F5150E /* Debug */ = {
			isa = XCBuildConfiguration;
			buildSettings = {
				ASSETCATALOG_COMPILER_APPICON_NAME = AppIcon;
				CODE_SIGN_STYLE = Automatic;
				DEVELOPMENT_TEAM = 89EXPD2XDP;
				INFOPLIST_FILE = "$(SRCROOT)/testSlidingMenu/Info.plist";
				LD_RUNPATH_SEARCH_PATHS = (
					"$(inherited)",
					"@executable_path/Frameworks",
				);
				PRODUCT_BUNDLE_IDENTIFIER = com.kaww.testSlidingMenu;
				PRODUCT_NAME = "$(TARGET_NAME)";
				SWIFT_VERSION = 4.2;
				TARGETED_DEVICE_FAMILY = "1,2";
			};
			name = Debug;
		};
		59301B7C21A1E7AB00F5150E /* Release */ = {
			isa = XCBuildConfiguration;
			buildSettings = {
				ASSETCATALOG_COMPILER_APPICON_NAME = AppIcon;
				CODE_SIGN_STYLE = Automatic;
				DEVELOPMENT_TEAM = 89EXPD2XDP;
				INFOPLIST_FILE = "$(SRCROOT)/testSlidingMenu/Info.plist";
				LD_RUNPATH_SEARCH_PATHS = (
					"$(inherited)",
					"@executable_path/Frameworks",
				);
				PRODUCT_BUNDLE_IDENTIFIER = com.kaww.testSlidingMenu;
				PRODUCT_NAME = "$(TARGET_NAME)";
				SWIFT_VERSION = 4.2;
				TARGETED_DEVICE_FAMILY = "1,2";
			};
			name = Release;
		};
/* End XCBuildConfiguration section */

/* Begin XCConfigurationList section */
		59301B6321A1E7A900F5150E /* Build configuration list for PBXProject "testSlidingMenu" */ = {
			isa = XCConfigurationList;
			buildConfigurations = (
				59301B7821A1E7AB00F5150E /* Debug */,
				59301B7921A1E7AB00F5150E /* Release */,
			);
			defaultConfigurationIsVisible = 0;
			defaultConfigurationName = Release;
		};
		59301B7A21A1E7AB00F5150E /* Build configuration list for PBXNativeTarget "testSlidingMenu" */ = {
			isa = XCConfigurationList;
			buildConfigurations = (
				59301B7B21A1E7AB00F5150E /* Debug */,
				59301B7C21A1E7AB00F5150E /* Release */,
			);
			defaultConfigurationIsVisible = 0;
			defaultConfigurationName = Release;
		};
/* End XCConfigurationList section */
	};
	rootObject = 59301B6021A1E7A900F5150E /* Project object */;
}
